// !$*UTF8*$!
{
	archiveVersion = 1;
	classes = {
	};
	objectVersion = 51;
	objects = {

/* Begin PBXBuildFile section */
		23482A172ED2AE9AEEE1B86C /* Pods_HueBoo.framework in Frameworks */ = {isa = PBXBuildFile; fileRef = 94658235BD3E8ED7F20E492D /* Pods_HueBoo.framework */; };
		5B5B076A233867C00037725A /* GoogleService-Info.plist in Resources */ = {isa = PBXBuildFile; fileRef = 5B5B0769233867C00037725A /* GoogleService-Info.plist */; };
		5BB27805233715F00001FB46 /* HueBooLabel.swift in Sources */ = {isa = PBXBuildFile; fileRef = 5BB27804233715F00001FB46 /* HueBooLabel.swift */; };
		5BC9BD9F233237FD0028AC29 /* AppDelegate.swift in Sources */ = {isa = PBXBuildFile; fileRef = 5BC9BD9E233237FD0028AC29 /* AppDelegate.swift */; };
		5BC9BDA6233237FE0028AC29 /* Assets.xcassets in Resources */ = {isa = PBXBuildFile; fileRef = 5BC9BDA5233237FE0028AC29 /* Assets.xcassets */; };
		5BC9BDA9233237FE0028AC29 /* LaunchScreen.storyboard in Resources */ = {isa = PBXBuildFile; fileRef = 5BC9BDA7233237FE0028AC29 /* LaunchScreen.storyboard */; };
		5BC9BDBF233238530028AC29 /* RootInteractor.swift in Sources */ = {isa = PBXBuildFile; fileRef = 5BC9BDBE233238530028AC29 /* RootInteractor.swift */; };
		5BC9BDC1233238610028AC29 /* RootViewController.swift in Sources */ = {isa = PBXBuildFile; fileRef = 5BC9BDC0233238610028AC29 /* RootViewController.swift */; };
		5BC9BDC7233238C10028AC29 /* ColorManager.swift in Sources */ = {isa = PBXBuildFile; fileRef = 5BC9BDC6233238C10028AC29 /* ColorManager.swift */; };
		5BC9BDC9233238D20028AC29 /* ColorSet.swift in Sources */ = {isa = PBXBuildFile; fileRef = 5BC9BDC8233238D20028AC29 /* ColorSet.swift */; };
		5BC9BDCB233238E20028AC29 /* Constants.swift in Sources */ = {isa = PBXBuildFile; fileRef = 5BC9BDCA233238E20028AC29 /* Constants.swift */; };
		5BC9BDCD233238F30028AC29 /* PrimaryLabel.swift in Sources */ = {isa = PBXBuildFile; fileRef = 5BC9BDCC233238F30028AC29 /* PrimaryLabel.swift */; };
		5BC9BDCF233239020028AC29 /* RootCollectionView.swift in Sources */ = {isa = PBXBuildFile; fileRef = 5BC9BDCE233239020028AC29 /* RootCollectionView.swift */; };
		5BC9BDD1233239100028AC29 /* RootCell.swift in Sources */ = {isa = PBXBuildFile; fileRef = 5BC9BDD0233239100028AC29 /* RootCell.swift */; };
		5BC9BDD3233239230028AC29 /* Spies.swift in Sources */ = {isa = PBXBuildFile; fileRef = 5BC9BDD2233239230028AC29 /* Spies.swift */; };
		5BC9BDD5233239300028AC29 /* Fixtures.swift in Sources */ = {isa = PBXBuildFile; fileRef = 5BC9BDD4233239300028AC29 /* Fixtures.swift */; };
		5BC9BDD72332393E0028AC29 /* RootInteractorTests.swift in Sources */ = {isa = PBXBuildFile; fileRef = 5BC9BDD62332393E0028AC29 /* RootInteractorTests.swift */; };
		5BC9BDD923323B250028AC29 /* ColorManagerTests.swift in Sources */ = {isa = PBXBuildFile; fileRef = 5BC9BDD823323B250028AC29 /* ColorManagerTests.swift */; };
		DB8BB6C25C015C8DA404D1D1 /* Pods_HueBooTests.framework in Frameworks */ = {isa = PBXBuildFile; fileRef = 28748C5D539C6B5177C28C9B /* Pods_HueBooTests.framework */; };
/* End PBXBuildFile section */

/* Begin PBXContainerItemProxy section */
		5BC9BDB0233237FE0028AC29 /* PBXContainerItemProxy */ = {
			isa = PBXContainerItemProxy;
			containerPortal = 5BC9BD93233237FD0028AC29 /* Project object */;
			proxyType = 1;
			remoteGlobalIDString = 5BC9BD9A233237FD0028AC29;
			remoteInfo = HueBoo;
		};
/* End PBXContainerItemProxy section */

/* Begin PBXFileReference section */
		28748C5D539C6B5177C28C9B /* Pods_HueBooTests.framework */ = {isa = PBXFileReference; explicitFileType = wrapper.framework; includeInIndex = 0; path = Pods_HueBooTests.framework; sourceTree = BUILT_PRODUCTS_DIR; };
		5B5B0769233867C00037725A /* GoogleService-Info.plist */ = {isa = PBXFileReference; fileEncoding = 4; lastKnownFileType = text.plist.xml; path = "GoogleService-Info.plist"; sourceTree = "<group>"; };
		5BB27804233715F00001FB46 /* HueBooLabel.swift */ = {isa = PBXFileReference; lastKnownFileType = sourcecode.swift; path = HueBooLabel.swift; sourceTree = "<group>"; };
		5BC9BD9B233237FD0028AC29 /* HueBoo.app */ = {isa = PBXFileReference; explicitFileType = wrapper.application; includeInIndex = 0; path = HueBoo.app; sourceTree = BUILT_PRODUCTS_DIR; };
		5BC9BD9E233237FD0028AC29 /* AppDelegate.swift */ = {isa = PBXFileReference; lastKnownFileType = sourcecode.swift; path = AppDelegate.swift; sourceTree = "<group>"; };
		5BC9BDA5233237FE0028AC29 /* Assets.xcassets */ = {isa = PBXFileReference; lastKnownFileType = folder.assetcatalog; path = Assets.xcassets; sourceTree = "<group>"; };
		5BC9BDA8233237FE0028AC29 /* Base */ = {isa = PBXFileReference; lastKnownFileType = file.storyboard; name = Base; path = Base.lproj/LaunchScreen.storyboard; sourceTree = "<group>"; };
		5BC9BDAA233237FE0028AC29 /* Info.plist */ = {isa = PBXFileReference; lastKnownFileType = text.plist.xml; path = Info.plist; sourceTree = "<group>"; };
		5BC9BDAF233237FE0028AC29 /* HueBooTests.xctest */ = {isa = PBXFileReference; explicitFileType = wrapper.cfbundle; includeInIndex = 0; path = HueBooTests.xctest; sourceTree = BUILT_PRODUCTS_DIR; };
		5BC9BDB5233237FE0028AC29 /* Info.plist */ = {isa = PBXFileReference; lastKnownFileType = text.plist.xml; path = Info.plist; sourceTree = "<group>"; };
		5BC9BDBE233238530028AC29 /* RootInteractor.swift */ = {isa = PBXFileReference; lastKnownFileType = sourcecode.swift; path = RootInteractor.swift; sourceTree = "<group>"; };
		5BC9BDC0233238610028AC29 /* RootViewController.swift */ = {isa = PBXFileReference; lastKnownFileType = sourcecode.swift; path = RootViewController.swift; sourceTree = "<group>"; };
		5BC9BDC6233238C10028AC29 /* ColorManager.swift */ = {isa = PBXFileReference; lastKnownFileType = sourcecode.swift; path = ColorManager.swift; sourceTree = "<group>"; };
		5BC9BDC8233238D20028AC29 /* ColorSet.swift */ = {isa = PBXFileReference; lastKnownFileType = sourcecode.swift; path = ColorSet.swift; sourceTree = "<group>"; };
		5BC9BDCA233238E20028AC29 /* Constants.swift */ = {isa = PBXFileReference; lastKnownFileType = sourcecode.swift; path = Constants.swift; sourceTree = "<group>"; };
		5BC9BDCC233238F30028AC29 /* PrimaryLabel.swift */ = {isa = PBXFileReference; lastKnownFileType = sourcecode.swift; path = PrimaryLabel.swift; sourceTree = "<group>"; };
		5BC9BDCE233239020028AC29 /* RootCollectionView.swift */ = {isa = PBXFileReference; lastKnownFileType = sourcecode.swift; path = RootCollectionView.swift; sourceTree = "<group>"; };
		5BC9BDD0233239100028AC29 /* RootCell.swift */ = {isa = PBXFileReference; lastKnownFileType = sourcecode.swift; path = RootCell.swift; sourceTree = "<group>"; };
		5BC9BDD2233239230028AC29 /* Spies.swift */ = {isa = PBXFileReference; lastKnownFileType = sourcecode.swift; path = Spies.swift; sourceTree = "<group>"; };
		5BC9BDD4233239300028AC29 /* Fixtures.swift */ = {isa = PBXFileReference; lastKnownFileType = sourcecode.swift; path = Fixtures.swift; sourceTree = "<group>"; };
		5BC9BDD62332393E0028AC29 /* RootInteractorTests.swift */ = {isa = PBXFileReference; lastKnownFileType = sourcecode.swift; path = RootInteractorTests.swift; sourceTree = "<group>"; };
		5BC9BDD823323B250028AC29 /* ColorManagerTests.swift */ = {isa = PBXFileReference; lastKnownFileType = sourcecode.swift; path = ColorManagerTests.swift; sourceTree = "<group>"; };
		7C551C6C776E4A9DEE39B41B /* Pods-HueBoo.release.xcconfig */ = {isa = PBXFileReference; includeInIndex = 1; lastKnownFileType = text.xcconfig; name = "Pods-HueBoo.release.xcconfig"; path = "Target Support Files/Pods-HueBoo/Pods-HueBoo.release.xcconfig"; sourceTree = "<group>"; };
		94658235BD3E8ED7F20E492D /* Pods_HueBoo.framework */ = {isa = PBXFileReference; explicitFileType = wrapper.framework; includeInIndex = 0; path = Pods_HueBoo.framework; sourceTree = BUILT_PRODUCTS_DIR; };
		ADCFF23209C0AB396F3ECC6E /* Pods-HueBooTests.debug.xcconfig */ = {isa = PBXFileReference; includeInIndex = 1; lastKnownFileType = text.xcconfig; name = "Pods-HueBooTests.debug.xcconfig"; path = "Target Support Files/Pods-HueBooTests/Pods-HueBooTests.debug.xcconfig"; sourceTree = "<group>"; };
		E049B874E0A6D5DAE5960D60 /* Pods-HueBooTests.release.xcconfig */ = {isa = PBXFileReference; includeInIndex = 1; lastKnownFileType = text.xcconfig; name = "Pods-HueBooTests.release.xcconfig"; path = "Target Support Files/Pods-HueBooTests/Pods-HueBooTests.release.xcconfig"; sourceTree = "<group>"; };
		F0D27541049FEBB543DEF723 /* Pods-HueBoo.debug.xcconfig */ = {isa = PBXFileReference; includeInIndex = 1; lastKnownFileType = text.xcconfig; name = "Pods-HueBoo.debug.xcconfig"; path = "Target Support Files/Pods-HueBoo/Pods-HueBoo.debug.xcconfig"; sourceTree = "<group>"; };
/* End PBXFileReference section */

/* Begin PBXFrameworksBuildPhase section */
		5BC9BD98233237FD0028AC29 /* Frameworks */ = {
			isa = PBXFrameworksBuildPhase;
			buildActionMask = 2147483647;
			files = (
				23482A172ED2AE9AEEE1B86C /* Pods_HueBoo.framework in Frameworks */,
			);
			runOnlyForDeploymentPostprocessing = 0;
		};
		5BC9BDAC233237FE0028AC29 /* Frameworks */ = {
			isa = PBXFrameworksBuildPhase;
			buildActionMask = 2147483647;
			files = (
				DB8BB6C25C015C8DA404D1D1 /* Pods_HueBooTests.framework in Frameworks */,
			);
			runOnlyForDeploymentPostprocessing = 0;
		};
/* End PBXFrameworksBuildPhase section */

/* Begin PBXGroup section */
		5BC9BD92233237FD0028AC29 = {
			isa = PBXGroup;
			children = (
				5BC9BD9D233237FD0028AC29 /* HueBoo */,
				5BC9BDB2233237FE0028AC29 /* HueBooTests */,
				5BC9BD9C233237FD0028AC29 /* Products */,
				A0F5C02DE97E69C0A82C5451 /* Pods */,
				91D5CFB633A1B10461A2B67A /* Frameworks */,
			);
			sourceTree = "<group>";
		};
		5BC9BD9C233237FD0028AC29 /* Products */ = {
			isa = PBXGroup;
			children = (
				5BC9BD9B233237FD0028AC29 /* HueBoo.app */,
				5BC9BDAF233237FE0028AC29 /* HueBooTests.xctest */,
			);
			name = Products;
			sourceTree = "<group>";
		};
		5BC9BD9D233237FD0028AC29 /* HueBoo */ = {
			isa = PBXGroup;
			children = (
				5BC9BD9E233237FD0028AC29 /* AppDelegate.swift */,
				5BC9BDBE233238530028AC29 /* RootInteractor.swift */,
				5BC9BDC0233238610028AC29 /* RootViewController.swift */,
				5BC9BDC22332387C0028AC29 /* Managers */,
				5BC9BDC3233238880028AC29 /* Models */,
				5BC9BDC42332389B0028AC29 /* Shared */,
				5BC9BDC5233238A10028AC29 /* Views */,
				5BC9BDA5233237FE0028AC29 /* Assets.xcassets */,
				5BC9BDA7233237FE0028AC29 /* LaunchScreen.storyboard */,
				5B5B0769233867C00037725A /* GoogleService-Info.plist */,
				5BC9BDAA233237FE0028AC29 /* Info.plist */,
			);
			path = HueBoo;
			sourceTree = "<group>";
		};
		5BC9BDB2233237FE0028AC29 /* HueBooTests */ = {
			isa = PBXGroup;
			children = (
				5BC9BDD4233239300028AC29 /* Fixtures.swift */,
				5BC9BDD62332393E0028AC29 /* RootInteractorTests.swift */,
				5BC9BDD823323B250028AC29 /* ColorManagerTests.swift */,
				5BC9BDD2233239230028AC29 /* Spies.swift */,
				5BC9BDB5233237FE0028AC29 /* Info.plist */,
			);
			path = HueBooTests;
			sourceTree = "<group>";
		};
		5BC9BDC22332387C0028AC29 /* Managers */ = {
			isa = PBXGroup;
			children = (
				5BC9BDC6233238C10028AC29 /* ColorManager.swift */,
			);
			path = Managers;
			sourceTree = "<group>";
		};
		5BC9BDC3233238880028AC29 /* Models */ = {
			isa = PBXGroup;
			children = (
				5BC9BDC8233238D20028AC29 /* ColorSet.swift */,
			);
			path = Models;
			sourceTree = "<group>";
		};
		5BC9BDC42332389B0028AC29 /* Shared */ = {
			isa = PBXGroup;
			children = (
				5BC9BDCA233238E20028AC29 /* Constants.swift */,
			);
			path = Shared;
			sourceTree = "<group>";
		};
		5BC9BDC5233238A10028AC29 /* Views */ = {
			isa = PBXGroup;
			children = (
				5BB27804233715F00001FB46 /* HueBooLabel.swift */,
				5BC9BDCC233238F30028AC29 /* PrimaryLabel.swift */,
				5BC9BDCE233239020028AC29 /* RootCollectionView.swift */,
				5BC9BDD0233239100028AC29 /* RootCell.swift */,
			);
			path = Views;
			sourceTree = "<group>";
		};
		91D5CFB633A1B10461A2B67A /* Frameworks */ = {
			isa = PBXGroup;
			children = (
				94658235BD3E8ED7F20E492D /* Pods_HueBoo.framework */,
				28748C5D539C6B5177C28C9B /* Pods_HueBooTests.framework */,
			);
			name = Frameworks;
			sourceTree = "<group>";
		};
		A0F5C02DE97E69C0A82C5451 /* Pods */ = {
			isa = PBXGroup;
			children = (
				F0D27541049FEBB543DEF723 /* Pods-HueBoo.debug.xcconfig */,
				7C551C6C776E4A9DEE39B41B /* Pods-HueBoo.release.xcconfig */,
				ADCFF23209C0AB396F3ECC6E /* Pods-HueBooTests.debug.xcconfig */,
				E049B874E0A6D5DAE5960D60 /* Pods-HueBooTests.release.xcconfig */,
			);
			path = Pods;
			sourceTree = "<group>";
		};
/* End PBXGroup section */

/* Begin PBXNativeTarget section */
		5BC9BD9A233237FD0028AC29 /* HueBoo */ = {
			isa = PBXNativeTarget;
			buildConfigurationList = 5BC9BDB8233237FE0028AC29 /* Build configuration list for PBXNativeTarget "HueBoo" */;
			buildPhases = (
				84B5BE9EBBFF70C9EC52FDB3 /* [CP] Check Pods Manifest.lock */,
				5BC9BD97233237FD0028AC29 /* Sources */,
				5BC9BD98233237FD0028AC29 /* Frameworks */,
				5BC9BD99233237FD0028AC29 /* Resources */,
				C896B16A6C2B66A8532BFBE0 /* [CP] Embed Pods Frameworks */,
			);
			buildRules = (
			);
			dependencies = (
			);
			name = HueBoo;
			productName = HueBoo;
			productReference = 5BC9BD9B233237FD0028AC29 /* HueBoo.app */;
			productType = "com.apple.product-type.application";
		};
		5BC9BDAE233237FE0028AC29 /* HueBooTests */ = {
			isa = PBXNativeTarget;
			buildConfigurationList = 5BC9BDBB233237FE0028AC29 /* Build configuration list for PBXNativeTarget "HueBooTests" */;
			buildPhases = (
				0D1FC56117022D80851D6AF0 /* [CP] Check Pods Manifest.lock */,
				5BC9BDAB233237FE0028AC29 /* Sources */,
				5BC9BDAC233237FE0028AC29 /* Frameworks */,
				5BC9BDAD233237FE0028AC29 /* Resources */,
			);
			buildRules = (
			);
			dependencies = (
				5BC9BDB1233237FE0028AC29 /* PBXTargetDependency */,
			);
			name = HueBooTests;
			productName = HueBooTests;
			productReference = 5BC9BDAF233237FE0028AC29 /* HueBooTests.xctest */;
			productType = "com.apple.product-type.bundle.unit-test";
		};
/* End PBXNativeTarget section */

/* Begin PBXProject section */
		5BC9BD93233237FD0028AC29 /* Project object */ = {
			isa = PBXProject;
			attributes = {
				LastSwiftUpdateCheck = 1030;
				LastUpgradeCheck = 1030;
				ORGANIZATIONNAME = IamGoodBad;
				TargetAttributes = {
					5BC9BD9A233237FD0028AC29 = {
						CreatedOnToolsVersion = 10.3;
					};
					5BC9BDAE233237FE0028AC29 = {
						CreatedOnToolsVersion = 10.3;
						TestTargetID = 5BC9BD9A233237FD0028AC29;
					};
				};
			};
			buildConfigurationList = 5BC9BD96233237FD0028AC29 /* Build configuration list for PBXProject "HueBoo" */;
			compatibilityVersion = "Xcode 9.3";
			developmentRegion = en;
			hasScannedForEncodings = 0;
			knownRegions = (
				en,
				Base,
			);
			mainGroup = 5BC9BD92233237FD0028AC29;
			productRefGroup = 5BC9BD9C233237FD0028AC29 /* Products */;
			projectDirPath = "";
			projectRoot = "";
			targets = (
				5BC9BD9A233237FD0028AC29 /* HueBoo */,
				5BC9BDAE233237FE0028AC29 /* HueBooTests */,
			);
		};
/* End PBXProject section */

/* Begin PBXResourcesBuildPhase section */
		5BC9BD99233237FD0028AC29 /* Resources */ = {
			isa = PBXResourcesBuildPhase;
			buildActionMask = 2147483647;
			files = (
				5BC9BDA9233237FE0028AC29 /* LaunchScreen.storyboard in Resources */,
				5B5B076A233867C00037725A /* GoogleService-Info.plist in Resources */,
				5BC9BDA6233237FE0028AC29 /* Assets.xcassets in Resources */,
			);
			runOnlyForDeploymentPostprocessing = 0;
		};
		5BC9BDAD233237FE0028AC29 /* Resources */ = {
			isa = PBXResourcesBuildPhase;
			buildActionMask = 2147483647;
			files = (
			);
			runOnlyForDeploymentPostprocessing = 0;
		};
/* End PBXResourcesBuildPhase section */

/* Begin PBXShellScriptBuildPhase section */
		0D1FC56117022D80851D6AF0 /* [CP] Check Pods Manifest.lock */ = {
			isa = PBXShellScriptBuildPhase;
			buildActionMask = 2147483647;
			files = (
			);
			inputFileListPaths = (
			);
			inputPaths = (
				"${PODS_PODFILE_DIR_PATH}/Podfile.lock",
				"${PODS_ROOT}/Manifest.lock",
			);
			name = "[CP] Check Pods Manifest.lock";
			outputFileListPaths = (
			);
			outputPaths = (
				"$(DERIVED_FILE_DIR)/Pods-HueBooTests-checkManifestLockResult.txt",
			);
			runOnlyForDeploymentPostprocessing = 0;
			shellPath = /bin/sh;
			shellScript = "diff \"${PODS_PODFILE_DIR_PATH}/Podfile.lock\" \"${PODS_ROOT}/Manifest.lock\" > /dev/null\nif [ $? != 0 ] ; then\n    # print error to STDERR\n    echo \"error: The sandbox is not in sync with the Podfile.lock. Run 'pod install' or update your CocoaPods installation.\" >&2\n    exit 1\nfi\n# This output is used by Xcode 'outputs' to avoid re-running this script phase.\necho \"SUCCESS\" > \"${SCRIPT_OUTPUT_FILE_0}\"\n";
			showEnvVarsInLog = 0;
		};
		84B5BE9EBBFF70C9EC52FDB3 /* [CP] Check Pods Manifest.lock */ = {
			isa = PBXShellScriptBuildPhase;
			buildActionMask = 2147483647;
			files = (
			);
			inputFileListPaths = (
			);
			inputPaths = (
				"${PODS_PODFILE_DIR_PATH}/Podfile.lock",
				"${PODS_ROOT}/Manifest.lock",
			);
			name = "[CP] Check Pods Manifest.lock";
			outputFileListPaths = (
			);
			outputPaths = (
				"$(DERIVED_FILE_DIR)/Pods-HueBoo-checkManifestLockResult.txt",
			);
			runOnlyForDeploymentPostprocessing = 0;
			shellPath = /bin/sh;
			shellScript = "diff \"${PODS_PODFILE_DIR_PATH}/Podfile.lock\" \"${PODS_ROOT}/Manifest.lock\" > /dev/null\nif [ $? != 0 ] ; then\n    # print error to STDERR\n    echo \"error: The sandbox is not in sync with the Podfile.lock. Run 'pod install' or update your CocoaPods installation.\" >&2\n    exit 1\nfi\n# This output is used by Xcode 'outputs' to avoid re-running this script phase.\necho \"SUCCESS\" > \"${SCRIPT_OUTPUT_FILE_0}\"\n";
			showEnvVarsInLog = 0;
		};
		C896B16A6C2B66A8532BFBE0 /* [CP] Embed Pods Frameworks */ = {
			isa = PBXShellScriptBuildPhase;
			buildActionMask = 2147483647;
			files = (
			);
			inputFileListPaths = (
				"${PODS_ROOT}/Target Support Files/Pods-HueBoo/Pods-HueBoo-frameworks-${CONFIGURATION}-input-files.xcfilelist",
			);
			name = "[CP] Embed Pods Frameworks";
			outputFileListPaths = (
				"${PODS_ROOT}/Target Support Files/Pods-HueBoo/Pods-HueBoo-frameworks-${CONFIGURATION}-output-files.xcfilelist",
			);
			runOnlyForDeploymentPostprocessing = 0;
			shellPath = /bin/sh;
			shellScript = "\"${PODS_ROOT}/Target Support Files/Pods-HueBoo/Pods-HueBoo-frameworks.sh\"\n";
			showEnvVarsInLog = 0;
		};
/* End PBXShellScriptBuildPhase section */

/* Begin PBXSourcesBuildPhase section */
		5BC9BD97233237FD0028AC29 /* Sources */ = {
			isa = PBXSourcesBuildPhase;
			buildActionMask = 2147483647;
			files = (
				5BC9BDBF233238530028AC29 /* RootInteractor.swift in Sources */,
				5BC9BD9F233237FD0028AC29 /* AppDelegate.swift in Sources */,
				5BC9BDC1233238610028AC29 /* RootViewController.swift in Sources */,
				5BC9BDC7233238C10028AC29 /* ColorManager.swift in Sources */,
				5BB27805233715F00001FB46 /* HueBooLabel.swift in Sources */,
				5BC9BDC9233238D20028AC29 /* ColorSet.swift in Sources */,
				5BC9BDD1233239100028AC29 /* RootCell.swift in Sources */,
				5BC9BDCB233238E20028AC29 /* Constants.swift in Sources */,
				5BC9BDCF233239020028AC29 /* RootCollectionView.swift in Sources */,
				5BC9BDCD233238F30028AC29 /* PrimaryLabel.swift in Sources */,
			);
			runOnlyForDeploymentPostprocessing = 0;
		};
		5BC9BDAB233237FE0028AC29 /* Sources */ = {
			isa = PBXSourcesBuildPhase;
			buildActionMask = 2147483647;
			files = (
				5BC9BDD3233239230028AC29 /* Spies.swift in Sources */,
				5BC9BDD72332393E0028AC29 /* RootInteractorTests.swift in Sources */,
				5BC9BDD5233239300028AC29 /* Fixtures.swift in Sources */,
				5BC9BDD923323B250028AC29 /* ColorManagerTests.swift in Sources */,
			);
			runOnlyForDeploymentPostprocessing = 0;
		};
/* End PBXSourcesBuildPhase section */

/* Begin PBXTargetDependency section */
		5BC9BDB1233237FE0028AC29 /* PBXTargetDependency */ = {
			isa = PBXTargetDependency;
			target = 5BC9BD9A233237FD0028AC29 /* HueBoo */;
			targetProxy = 5BC9BDB0233237FE0028AC29 /* PBXContainerItemProxy */;
		};
/* End PBXTargetDependency section */

/* Begin PBXVariantGroup section */
		5BC9BDA7233237FE0028AC29 /* LaunchScreen.storyboard */ = {
			isa = PBXVariantGroup;
			children = (
				5BC9BDA8233237FE0028AC29 /* Base */,
			);
			name = LaunchScreen.storyboard;
			sourceTree = "<group>";
		};
/* End PBXVariantGroup section */

/* Begin XCBuildConfiguration section */
		5BC9BDB6233237FE0028AC29 /* Debug */ = {
			isa = XCBuildConfiguration;
			buildSettings = {
				ALWAYS_SEARCH_USER_PATHS = NO;
				CLANG_ANALYZER_NONNULL = YES;
				CLANG_ANALYZER_NUMBER_OBJECT_CONVERSION = YES_AGGRESSIVE;
				CLANG_CXX_LANGUAGE_STANDARD = "gnu++14";
				CLANG_CXX_LIBRARY = "libc++";
				CLANG_ENABLE_MODULES = YES;
				CLANG_ENABLE_OBJC_ARC = YES;
				CLANG_ENABLE_OBJC_WEAK = YES;
				CLANG_WARN_BLOCK_CAPTURE_AUTORELEASING = YES;
				CLANG_WARN_BOOL_CONVERSION = YES;
				CLANG_WARN_COMMA = YES;
				CLANG_WARN_CONSTANT_CONVERSION = YES;
				CLANG_WARN_DEPRECATED_OBJC_IMPLEMENTATIONS = YES;
				CLANG_WARN_DIRECT_OBJC_ISA_USAGE = YES_ERROR;
				CLANG_WARN_DOCUMENTATION_COMMENTS = YES;
				CLANG_WARN_EMPTY_BODY = YES;
				CLANG_WARN_ENUM_CONVERSION = YES;
				CLANG_WARN_INFINITE_RECURSION = YES;
				CLANG_WARN_INT_CONVERSION = YES;
				CLANG_WARN_NON_LITERAL_NULL_CONVERSION = YES;
				CLANG_WARN_OBJC_IMPLICIT_RETAIN_SELF = YES;
				CLANG_WARN_OBJC_LITERAL_CONVERSION = YES;
				CLANG_WARN_OBJC_ROOT_CLASS = YES_ERROR;
				CLANG_WARN_RANGE_LOOP_ANALYSIS = YES;
				CLANG_WARN_STRICT_PROTOTYPES = YES;
				CLANG_WARN_SUSPICIOUS_MOVE = YES;
				CLANG_WARN_UNGUARDED_AVAILABILITY = YES_AGGRESSIVE;
				CLANG_WARN_UNREACHABLE_CODE = YES;
				CLANG_WARN__DUPLICATE_METHOD_MATCH = YES;
				CODE_SIGN_IDENTITY = "iPhone Developer";
				COPY_PHASE_STRIP = NO;
				DEBUG_INFORMATION_FORMAT = dwarf;
				ENABLE_STRICT_OBJC_MSGSEND = YES;
				ENABLE_TESTABILITY = YES;
				GCC_C_LANGUAGE_STANDARD = gnu11;
				GCC_DYNAMIC_NO_PIC = NO;
				GCC_NO_COMMON_BLOCKS = YES;
				GCC_OPTIMIZATION_LEVEL = 0;
				GCC_PREPROCESSOR_DEFINITIONS = (
					"DEBUG=1",
					"$(inherited)",
				);
				GCC_WARN_64_TO_32_BIT_CONVERSION = YES;
				GCC_WARN_ABOUT_RETURN_TYPE = YES_ERROR;
				GCC_WARN_UNDECLARED_SELECTOR = YES;
				GCC_WARN_UNINITIALIZED_AUTOS = YES_AGGRESSIVE;
				GCC_WARN_UNUSED_FUNCTION = YES;
				GCC_WARN_UNUSED_VARIABLE = YES;
				IPHONEOS_DEPLOYMENT_TARGET = 12.4;
				MTL_ENABLE_DEBUG_INFO = INCLUDE_SOURCE;
				MTL_FAST_MATH = YES;
				ONLY_ACTIVE_ARCH = YES;
				SDKROOT = iphoneos;
				SWIFT_ACTIVE_COMPILATION_CONDITIONS = DEBUG;
				SWIFT_OPTIMIZATION_LEVEL = "-Onone";
			};
			name = Debug;
		};
		5BC9BDB7233237FE0028AC29 /* Release */ = {
			isa = XCBuildConfiguration;
			buildSettings = {
				ALWAYS_SEARCH_USER_PATHS = NO;
				CLANG_ANALYZER_NONNULL = YES;
				CLANG_ANALYZER_NUMBER_OBJECT_CONVERSION = YES_AGGRESSIVE;
				CLANG_CXX_LANGUAGE_STANDARD = "gnu++14";
				CLANG_CXX_LIBRARY = "libc++";
				CLANG_ENABLE_MODULES = YES;
				CLANG_ENABLE_OBJC_ARC = YES;
				CLANG_ENABLE_OBJC_WEAK = YES;
				CLANG_WARN_BLOCK_CAPTURE_AUTORELEASING = YES;
				CLANG_WARN_BOOL_CONVERSION = YES;
				CLANG_WARN_COMMA = YES;
				CLANG_WARN_CONSTANT_CONVERSION = YES;
				CLANG_WARN_DEPRECATED_OBJC_IMPLEMENTATIONS = YES;
				CLANG_WARN_DIRECT_OBJC_ISA_USAGE = YES_ERROR;
				CLANG_WARN_DOCUMENTATION_COMMENTS = YES;
				CLANG_WARN_EMPTY_BODY = YES;
				CLANG_WARN_ENUM_CONVERSION = YES;
				CLANG_WARN_INFINITE_RECURSION = YES;
				CLANG_WARN_INT_CONVERSION = YES;
				CLANG_WARN_NON_LITERAL_NULL_CONVERSION = YES;
				CLANG_WARN_OBJC_IMPLICIT_RETAIN_SELF = YES;
				CLANG_WARN_OBJC_LITERAL_CONVERSION = YES;
				CLANG_WARN_OBJC_ROOT_CLASS = YES_ERROR;
				CLANG_WARN_RANGE_LOOP_ANALYSIS = YES;
				CLANG_WARN_STRICT_PROTOTYPES = YES;
				CLANG_WARN_SUSPICIOUS_MOVE = YES;
				CLANG_WARN_UNGUARDED_AVAILABILITY = YES_AGGRESSIVE;
				CLANG_WARN_UNREACHABLE_CODE = YES;
				CLANG_WARN__DUPLICATE_METHOD_MATCH = YES;
				CODE_SIGN_IDENTITY = "iPhone Developer";
				COPY_PHASE_STRIP = NO;
				DEBUG_INFORMATION_FORMAT = "dwarf-with-dsym";
				ENABLE_NS_ASSERTIONS = NO;
				ENABLE_STRICT_OBJC_MSGSEND = YES;
				GCC_C_LANGUAGE_STANDARD = gnu11;
				GCC_NO_COMMON_BLOCKS = YES;
				GCC_WARN_64_TO_32_BIT_CONVERSION = YES;
				GCC_WARN_ABOUT_RETURN_TYPE = YES_ERROR;
				GCC_WARN_UNDECLARED_SELECTOR = YES;
				GCC_WARN_UNINITIALIZED_AUTOS = YES_AGGRESSIVE;
				GCC_WARN_UNUSED_FUNCTION = YES;
				GCC_WARN_UNUSED_VARIABLE = YES;
				IPHONEOS_DEPLOYMENT_TARGET = 12.4;
				MTL_ENABLE_DEBUG_INFO = NO;
				MTL_FAST_MATH = YES;
				SDKROOT = iphoneos;
				SWIFT_COMPILATION_MODE = wholemodule;
				SWIFT_OPTIMIZATION_LEVEL = "-O";
				VALIDATE_PRODUCT = YES;
			};
			name = Release;
		};
		5BC9BDB9233237FE0028AC29 /* Debug */ = {
			isa = XCBuildConfiguration;
			baseConfigurationReference = F0D27541049FEBB543DEF723 /* Pods-HueBoo.debug.xcconfig */;
			buildSettings = {
				ASSETCATALOG_COMPILER_APPICON_NAME = AppIcon;
				CODE_SIGN_STYLE = Automatic;
				CURRENT_PROJECT_VERSION = 1569135600;
				DEVELOPMENT_TEAM = 4AM5US9G8B;
				INFOPLIST_FILE = HueBoo/Info.plist;
				LD_RUNPATH_SEARCH_PATHS = (
					"$(inherited)",
					"@executable_path/Frameworks",
				);
				PRODUCT_BUNDLE_IDENTIFIER = com.IamGoodBad.HueBoo;
				PRODUCT_NAME = "$(TARGET_NAME)";
				SWIFT_VERSION = 5.0;
				TARGETED_DEVICE_FAMILY = "1,2";
				VERSIONING_SYSTEM = "apple-generic";
			};
			name = Debug;
		};
		5BC9BDBA233237FE0028AC29 /* Release */ = {
			isa = XCBuildConfiguration;
			baseConfigurationReference = 7C551C6C776E4A9DEE39B41B /* Pods-HueBoo.release.xcconfig */;
			buildSettings = {
				ASSETCATALOG_COMPILER_APPICON_NAME = AppIcon;
				CODE_SIGN_STYLE = Automatic;
				CURRENT_PROJECT_VERSION = 1569135600;
				DEVELOPMENT_TEAM = 4AM5US9G8B;
				INFOPLIST_FILE = HueBoo/Info.plist;
				LD_RUNPATH_SEARCH_PATHS = (
					"$(inherited)",
					"@executable_path/Frameworks",
				);
				PRODUCT_BUNDLE_IDENTIFIER = com.IamGoodBad.HueBoo;
				PRODUCT_NAME = "$(TARGET_NAME)";
				SWIFT_VERSION = 5.0;
				TARGETED_DEVICE_FAMILY = "1,2";
				VERSIONING_SYSTEM = "apple-generic";
			};
			name = Release;
		};
		5BC9BDBC233237FE0028AC29 /* Debug */ = {
			isa = XCBuildConfiguration;
			baseConfigurationReference = ADCFF23209C0AB396F3ECC6E /* Pods-HueBooTests.debug.xcconfig */;
			buildSettings = {
				ALWAYS_EMBED_SWIFT_STANDARD_LIBRARIES = YES;
				BUNDLE_LOADER = "$(TEST_HOST)";
				CODE_SIGN_STYLE = Automatic;
				DEVELOPMENT_TEAM = 4AM5US9G8B;
				INFOPLIST_FILE = HueBooTests/Info.plist;
				LD_RUNPATH_SEARCH_PATHS = (
					"$(inherited)",
					"@executable_path/Frameworks",
					"@loader_path/Frameworks",
				);
				PRODUCT_BUNDLE_IDENTIFIER = com.IamGoodBad.HueBooTests;
				PRODUCT_NAME = "$(TARGET_NAME)";
				SWIFT_VERSION = 5.0;
				TARGETED_DEVICE_FAMILY = "1,2";
				TEST_HOST = "$(BUILT_PRODUCTS_DIR)/HueBoo.app/HueBoo";
			};
			name = Debug;
		};
		5BC9BDBD233237FE0028AC29 /* Release */ = {
			isa = XCBuildConfiguration;
			baseConfigurationReference = E049B874E0A6D5DAE5960D60 /* Pods-HueBooTests.release.xcconfig */;
			buildSettings = {
				ALWAYS_EMBED_SWIFT_STANDARD_LIBRARIES = YES;
				BUNDLE_LOADER = "$(TEST_HOST)";
				CODE_SIGN_STYLE = Automatic;
				DEVELOPMENT_TEAM = 4AM5US9G8B;
				INFOPLIST_FILE = HueBooTests/Info.plist;
				LD_RUNPATH_SEARCH_PATHS = (
					"$(inherited)",
					"@executable_path/Frameworks",
					"@loader_path/Frameworks",
				);
				PRODUCT_BUNDLE_IDENTIFIER = com.IamGoodBad.HueBooTests;
				PRODUCT_NAME = "$(TARGET_NAME)";
				SWIFT_VERSION = 5.0;
				TARGETED_DEVICE_FAMILY = "1,2";
				TEST_HOST = "$(BUILT_PRODUCTS_DIR)/HueBoo.app/HueBoo";
			};
			name = Release;
		};
/* End XCBuildConfiguration section */

/* Begin XCConfigurationList section */
		5BC9BD96233237FD0028AC29 /* Build configuration list for PBXProject "HueBoo" */ = {
			isa = XCConfigurationList;
			buildConfigurations = (
				5BC9BDB6233237FE0028AC29 /* Debug */,
				5BC9BDB7233237FE0028AC29 /* Release */,
			);
			defaultConfigurationIsVisible = 0;
			defaultConfigurationName = Release;
		};
		5BC9BDB8233237FE0028AC29 /* Build configuration list for PBXNativeTarget "HueBoo" */ = {
			isa = XCConfigurationList;
			buildConfigurations = (
				5BC9BDB9233237FE0028AC29 /* Debug */,
				5BC9BDBA233237FE0028AC29 /* Release */,
			);
			defaultConfigurationIsVisible = 0;
			defaultConfigurationName = Release;
		};
		5BC9BDBB233237FE0028AC29 /* Build configuration list for PBXNativeTarget "HueBooTests" */ = {
			isa = XCConfigurationList;
			buildConfigurations = (
				5BC9BDBC233237FE0028AC29 /* Debug */,
				5BC9BDBD233237FE0028AC29 /* Release */,
			);
			defaultConfigurationIsVisible = 0;
			defaultConfigurationName = Release;
		};
/* End XCConfigurationList section */
	};
	rootObject = 5BC9BD93233237FD0028AC29 /* Project object */;
}
