// !$*UTF8*$!
{
	archiveVersion = 1;
	classes = {
	};
	objectVersion = 52;
	objects = {

/* Begin PBXBuildFile section */
		63F9DAC42655D6390094EF0D /* AppDelegate.swift in Sources */ = {isa = PBXBuildFile; fileRef = 63F9DAC32655D6390094EF0D /* AppDelegate.swift */; };
		63F9DAC62655D6390094EF0D /* SceneDelegate.swift in Sources */ = {isa = PBXBuildFile; fileRef = 63F9DAC52655D6390094EF0D /* SceneDelegate.swift */; };
		63F9DACD2655D6390094EF0D /* Assets.xcassets in Resources */ = {isa = PBXBuildFile; fileRef = 63F9DACC2655D6390094EF0D /* Assets.xcassets */; };
		63F9DAD02655D6390094EF0D /* LaunchScreen.storyboard in Resources */ = {isa = PBXBuildFile; fileRef = 63F9DACE2655D6390094EF0D /* LaunchScreen.storyboard */; };
		63F9DADB2655D6390094EF0D /* HueBooTests.swift in Sources */ = {isa = PBXBuildFile; fileRef = 63F9DADA2655D6390094EF0D /* HueBooTests.swift */; };
		63F9DAE62655D6390094EF0D /* HueBooUITests.swift in Sources */ = {isa = PBXBuildFile; fileRef = 63F9DAE52655D6390094EF0D /* HueBooUITests.swift */; };
		63F9DAF52655D7B30094EF0D /* napkin in Frameworks */ = {isa = PBXBuildFile; productRef = 63F9DAF42655D7B30094EF0D /* napkin */; };
/* End PBXBuildFile section */

/* Begin PBXContainerItemProxy section */
		63F9DAD72655D6390094EF0D /* PBXContainerItemProxy */ = {
			isa = PBXContainerItemProxy;
			containerPortal = 63F9DAB82655D6390094EF0D /* Project object */;
			proxyType = 1;
			remoteGlobalIDString = 63F9DABF2655D6390094EF0D;
			remoteInfo = HueBoo;
		};
		63F9DAE22655D6390094EF0D /* PBXContainerItemProxy */ = {
			isa = PBXContainerItemProxy;
			containerPortal = 63F9DAB82655D6390094EF0D /* Project object */;
			proxyType = 1;
			remoteGlobalIDString = 63F9DABF2655D6390094EF0D;
			remoteInfo = HueBoo;
		};
/* End PBXContainerItemProxy section */

/* Begin PBXFileReference section */
		63F9DAC02655D6390094EF0D /* HueBoo.app */ = {isa = PBXFileReference; explicitFileType = wrapper.application; includeInIndex = 0; path = HueBoo.app; sourceTree = BUILT_PRODUCTS_DIR; };
		63F9DAC32655D6390094EF0D /* AppDelegate.swift */ = {isa = PBXFileReference; lastKnownFileType = sourcecode.swift; path = AppDelegate.swift; sourceTree = "<group>"; };
		63F9DAC52655D6390094EF0D /* SceneDelegate.swift */ = {isa = PBXFileReference; lastKnownFileType = sourcecode.swift; path = SceneDelegate.swift; sourceTree = "<group>"; };
		63F9DACC2655D6390094EF0D /* Assets.xcassets */ = {isa = PBXFileReference; lastKnownFileType = folder.assetcatalog; path = Assets.xcassets; sourceTree = "<group>"; };
		63F9DACF2655D6390094EF0D /* Base */ = {isa = PBXFileReference; lastKnownFileType = file.storyboard; name = Base; path = Base.lproj/LaunchScreen.storyboard; sourceTree = "<group>"; };
		63F9DAD12655D6390094EF0D /* Info.plist */ = {isa = PBXFileReference; lastKnownFileType = text.plist.xml; path = Info.plist; sourceTree = "<group>"; };
		63F9DAD62655D6390094EF0D /* HueBooTests.xctest */ = {isa = PBXFileReference; explicitFileType = wrapper.cfbundle; includeInIndex = 0; path = HueBooTests.xctest; sourceTree = BUILT_PRODUCTS_DIR; };
		63F9DADA2655D6390094EF0D /* HueBooTests.swift */ = {isa = PBXFileReference; lastKnownFileType = sourcecode.swift; path = HueBooTests.swift; sourceTree = "<group>"; };
		63F9DADC2655D6390094EF0D /* Info.plist */ = {isa = PBXFileReference; lastKnownFileType = text.plist.xml; path = Info.plist; sourceTree = "<group>"; };
		63F9DAE12655D6390094EF0D /* HueBooUITests.xctest */ = {isa = PBXFileReference; explicitFileType = wrapper.cfbundle; includeInIndex = 0; path = HueBooUITests.xctest; sourceTree = BUILT_PRODUCTS_DIR; };
		63F9DAE52655D6390094EF0D /* HueBooUITests.swift */ = {isa = PBXFileReference; lastKnownFileType = sourcecode.swift; path = HueBooUITests.swift; sourceTree = "<group>"; };
		63F9DAE72655D63A0094EF0D /* Info.plist */ = {isa = PBXFileReference; lastKnownFileType = text.plist.xml; path = Info.plist; sourceTree = "<group>"; };
/* End PBXFileReference section */

/* Begin PBXFrameworksBuildPhase section */
		63F9DABD2655D6390094EF0D /* Frameworks */ = {
			isa = PBXFrameworksBuildPhase;
			buildActionMask = 2147483647;
			files = (
				63F9DAF52655D7B30094EF0D /* napkin in Frameworks */,
			);
			runOnlyForDeploymentPostprocessing = 0;
		};
		63F9DAD32655D6390094EF0D /* Frameworks */ = {
			isa = PBXFrameworksBuildPhase;
			buildActionMask = 2147483647;
			files = (
			);
			runOnlyForDeploymentPostprocessing = 0;
		};
		63F9DADE2655D6390094EF0D /* Frameworks */ = {
			isa = PBXFrameworksBuildPhase;
			buildActionMask = 2147483647;
			files = (
			);
			runOnlyForDeploymentPostprocessing = 0;
		};
/* End PBXFrameworksBuildPhase section */

/* Begin PBXGroup section */
		63F9DAB72655D6390094EF0D = {
			isa = PBXGroup;
			children = (
				63F9DAC22655D6390094EF0D /* HueBoo */,
				63F9DAD92655D6390094EF0D /* HueBooTests */,
				63F9DAE42655D6390094EF0D /* HueBooUITests */,
				63F9DAC12655D6390094EF0D /* Products */,
			);
			sourceTree = "<group>";
		};
		63F9DAC12655D6390094EF0D /* Products */ = {
			isa = PBXGroup;
			children = (
				63F9DAC02655D6390094EF0D /* HueBoo.app */,
				63F9DAD62655D6390094EF0D /* HueBooTests.xctest */,
				63F9DAE12655D6390094EF0D /* HueBooUITests.xctest */,
			);
			name = Products;
			sourceTree = "<group>";
		};
		63F9DAC22655D6390094EF0D /* HueBoo */ = {
			isa = PBXGroup;
			children = (
				63F9DAC32655D6390094EF0D /* AppDelegate.swift */,
				63F9DAC52655D6390094EF0D /* SceneDelegate.swift */,
				63F9DACC2655D6390094EF0D /* Assets.xcassets */,
				63F9DACE2655D6390094EF0D /* LaunchScreen.storyboard */,
				63F9DAD12655D6390094EF0D /* Info.plist */,
			);
			path = HueBoo;
			sourceTree = "<group>";
		};
		63F9DAD92655D6390094EF0D /* HueBooTests */ = {
			isa = PBXGroup;
			children = (
				63F9DADA2655D6390094EF0D /* HueBooTests.swift */,
				63F9DADC2655D6390094EF0D /* Info.plist */,
			);
			path = HueBooTests;
			sourceTree = "<group>";
		};
		63F9DAE42655D6390094EF0D /* HueBooUITests */ = {
			isa = PBXGroup;
			children = (
				63F9DAE52655D6390094EF0D /* HueBooUITests.swift */,
				63F9DAE72655D63A0094EF0D /* Info.plist */,
			);
			path = HueBooUITests;
			sourceTree = "<group>";
		};
/* End PBXGroup section */

/* Begin PBXNativeTarget section */
		63F9DABF2655D6390094EF0D /* HueBoo */ = {
			isa = PBXNativeTarget;
			buildConfigurationList = 63F9DAEA2655D63A0094EF0D /* Build configuration list for PBXNativeTarget "HueBoo" */;
			buildPhases = (
				63F9DABC2655D6390094EF0D /* Sources */,
				63F9DABD2655D6390094EF0D /* Frameworks */,
				63F9DABE2655D6390094EF0D /* Resources */,
			);
			buildRules = (
			);
			dependencies = (
			);
			name = HueBoo;
			packageProductDependencies = (
				63F9DAF42655D7B30094EF0D /* napkin */,
			);
			productName = HueBoo;
			productReference = 63F9DAC02655D6390094EF0D /* HueBoo.app */;
			productType = "com.apple.product-type.application";
		};
		63F9DAD52655D6390094EF0D /* HueBooTests */ = {
			isa = PBXNativeTarget;
			buildConfigurationList = 63F9DAED2655D63A0094EF0D /* Build configuration list for PBXNativeTarget "HueBooTests" */;
			buildPhases = (
				63F9DAD22655D6390094EF0D /* Sources */,
				63F9DAD32655D6390094EF0D /* Frameworks */,
				63F9DAD42655D6390094EF0D /* Resources */,
			);
			buildRules = (
			);
			dependencies = (
				63F9DAD82655D6390094EF0D /* PBXTargetDependency */,
			);
			name = HueBooTests;
			productName = HueBooTests;
			productReference = 63F9DAD62655D6390094EF0D /* HueBooTests.xctest */;
			productType = "com.apple.product-type.bundle.unit-test";
		};
		63F9DAE02655D6390094EF0D /* HueBooUITests */ = {
			isa = PBXNativeTarget;
			buildConfigurationList = 63F9DAF02655D63A0094EF0D /* Build configuration list for PBXNativeTarget "HueBooUITests" */;
			buildPhases = (
				63F9DADD2655D6390094EF0D /* Sources */,
				63F9DADE2655D6390094EF0D /* Frameworks */,
				63F9DADF2655D6390094EF0D /* Resources */,
			);
			buildRules = (
			);
			dependencies = (
				63F9DAE32655D6390094EF0D /* PBXTargetDependency */,
			);
			name = HueBooUITests;
			productName = HueBooUITests;
			productReference = 63F9DAE12655D6390094EF0D /* HueBooUITests.xctest */;
			productType = "com.apple.product-type.bundle.ui-testing";
		};
/* End PBXNativeTarget section */

/* Begin PBXProject section */
		63F9DAB82655D6390094EF0D /* Project object */ = {
			isa = PBXProject;
			attributes = {
				LastSwiftUpdateCheck = 1250;
				LastUpgradeCheck = 1250;
				TargetAttributes = {
					63F9DABF2655D6390094EF0D = {
						CreatedOnToolsVersion = 12.5;
					};
					63F9DAD52655D6390094EF0D = {
						CreatedOnToolsVersion = 12.5;
						TestTargetID = 63F9DABF2655D6390094EF0D;
					};
					63F9DAE02655D6390094EF0D = {
						CreatedOnToolsVersion = 12.5;
						TestTargetID = 63F9DABF2655D6390094EF0D;
					};
				};
			};
			buildConfigurationList = 63F9DABB2655D6390094EF0D /* Build configuration list for PBXProject "HueBoo" */;
			compatibilityVersion = "Xcode 9.3";
			developmentRegion = en;
			hasScannedForEncodings = 0;
			knownRegions = (
				en,
				Base,
			);
			mainGroup = 63F9DAB72655D6390094EF0D;
			packageReferences = (
				63F9DAF32655D7B30094EF0D /* XCRemoteSwiftPackageReference "napkin" */,
			);
			productRefGroup = 63F9DAC12655D6390094EF0D /* Products */;
			projectDirPath = "";
			projectRoot = "";
			targets = (
				63F9DABF2655D6390094EF0D /* HueBoo */,
				63F9DAD52655D6390094EF0D /* HueBooTests */,
				63F9DAE02655D6390094EF0D /* HueBooUITests */,
			);
		};
/* End PBXProject section */

/* Begin PBXResourcesBuildPhase section */
		63F9DABE2655D6390094EF0D /* Resources */ = {
			isa = PBXResourcesBuildPhase;
			buildActionMask = 2147483647;
			files = (
				63F9DAD02655D6390094EF0D /* LaunchScreen.storyboard in Resources */,
				63F9DACD2655D6390094EF0D /* Assets.xcassets in Resources */,
			);
			runOnlyForDeploymentPostprocessing = 0;
		};
		63F9DAD42655D6390094EF0D /* Resources */ = {
			isa = PBXResourcesBuildPhase;
			buildActionMask = 2147483647;
			files = (
			);
			runOnlyForDeploymentPostprocessing = 0;
		};
		63F9DADF2655D6390094EF0D /* Resources */ = {
			isa = PBXResourcesBuildPhase;
			buildActionMask = 2147483647;
			files = (
			);
			runOnlyForDeploymentPostprocessing = 0;
		};
/* End PBXResourcesBuildPhase section */

/* Begin PBXSourcesBuildPhase section */
		63F9DABC2655D6390094EF0D /* Sources */ = {
			isa = PBXSourcesBuildPhase;
			buildActionMask = 2147483647;
			files = (
				63F9DAC42655D6390094EF0D /* AppDelegate.swift in Sources */,
				63F9DAC62655D6390094EF0D /* SceneDelegate.swift in Sources */,
			);
			runOnlyForDeploymentPostprocessing = 0;
		};
		63F9DAD22655D6390094EF0D /* Sources */ = {
			isa = PBXSourcesBuildPhase;
			buildActionMask = 2147483647;
			files = (
				63F9DADB2655D6390094EF0D /* HueBooTests.swift in Sources */,
			);
			runOnlyForDeploymentPostprocessing = 0;
		};
		63F9DADD2655D6390094EF0D /* Sources */ = {
			isa = PBXSourcesBuildPhase;
			buildActionMask = 2147483647;
			files = (
				63F9DAE62655D6390094EF0D /* HueBooUITests.swift in Sources */,
			);
			runOnlyForDeploymentPostprocessing = 0;
		};
/* End PBXSourcesBuildPhase section */

/* Begin PBXTargetDependency section */
		63F9DAD82655D6390094EF0D /* PBXTargetDependency */ = {
			isa = PBXTargetDependency;
			target = 63F9DABF2655D6390094EF0D /* HueBoo */;
			targetProxy = 63F9DAD72655D6390094EF0D /* PBXContainerItemProxy */;
		};
		63F9DAE32655D6390094EF0D /* PBXTargetDependency */ = {
			isa = PBXTargetDependency;
			target = 63F9DABF2655D6390094EF0D /* HueBoo */;
			targetProxy = 63F9DAE22655D6390094EF0D /* PBXContainerItemProxy */;
		};
/* End PBXTargetDependency section */

/* Begin PBXVariantGroup section */
		63F9DACE2655D6390094EF0D /* LaunchScreen.storyboard */ = {
			isa = PBXVariantGroup;
			children = (
				63F9DACF2655D6390094EF0D /* Base */,
			);
			name = LaunchScreen.storyboard;
			sourceTree = "<group>";
		};
/* End PBXVariantGroup section */

/* Begin XCBuildConfiguration section */
		63F9DAE82655D63A0094EF0D /* Debug */ = {
			isa = XCBuildConfiguration;
			buildSettings = {
				ALWAYS_SEARCH_USER_PATHS = NO;
				CLANG_ANALYZER_NONNULL = YES;
				CLANG_ANALYZER_NUMBER_OBJECT_CONVERSION = YES_AGGRESSIVE;
				CLANG_CXX_LANGUAGE_STANDARD = "gnu++14";
				CLANG_CXX_LIBRARY = "libc++";
				CLANG_ENABLE_MODULES = YES;
				CLANG_ENABLE_OBJC_ARC = YES;
				CLANG_ENABLE_OBJC_WEAK = YES;
				CLANG_WARN_BLOCK_CAPTURE_AUTORELEASING = YES;
				CLANG_WARN_BOOL_CONVERSION = YES;
				CLANG_WARN_COMMA = YES;
				CLANG_WARN_CONSTANT_CONVERSION = YES;
				CLANG_WARN_DEPRECATED_OBJC_IMPLEMENTATIONS = YES;
				CLANG_WARN_DIRECT_OBJC_ISA_USAGE = YES_ERROR;
				CLANG_WARN_DOCUMENTATION_COMMENTS = YES;
				CLANG_WARN_EMPTY_BODY = YES;
				CLANG_WARN_ENUM_CONVERSION = YES;
				CLANG_WARN_INFINITE_RECURSION = YES;
				CLANG_WARN_INT_CONVERSION = YES;
				CLANG_WARN_NON_LITERAL_NULL_CONVERSION = YES;
				CLANG_WARN_OBJC_IMPLICIT_RETAIN_SELF = YES;
				CLANG_WARN_OBJC_LITERAL_CONVERSION = YES;
				CLANG_WARN_OBJC_ROOT_CLASS = YES_ERROR;
				CLANG_WARN_QUOTED_INCLUDE_IN_FRAMEWORK_HEADER = YES;
				CLANG_WARN_RANGE_LOOP_ANALYSIS = YES;
				CLANG_WARN_STRICT_PROTOTYPES = YES;
				CLANG_WARN_SUSPICIOUS_MOVE = YES;
				CLANG_WARN_UNGUARDED_AVAILABILITY = YES_AGGRESSIVE;
				CLANG_WARN_UNREACHABLE_CODE = YES;
				CLANG_WARN__DUPLICATE_METHOD_MATCH = YES;
				COPY_PHASE_STRIP = NO;
				DEBUG_INFORMATION_FORMAT = dwarf;
				ENABLE_STRICT_OBJC_MSGSEND = YES;
				ENABLE_TESTABILITY = YES;
				GCC_C_LANGUAGE_STANDARD = gnu11;
				GCC_DYNAMIC_NO_PIC = NO;
				GCC_NO_COMMON_BLOCKS = YES;
				GCC_OPTIMIZATION_LEVEL = 0;
				GCC_PREPROCESSOR_DEFINITIONS = (
					"DEBUG=1",
					"$(inherited)",
				);
				GCC_WARN_64_TO_32_BIT_CONVERSION = YES;
				GCC_WARN_ABOUT_RETURN_TYPE = YES_ERROR;
				GCC_WARN_UNDECLARED_SELECTOR = YES;
				GCC_WARN_UNINITIALIZED_AUTOS = YES_AGGRESSIVE;
				GCC_WARN_UNUSED_FUNCTION = YES;
				GCC_WARN_UNUSED_VARIABLE = YES;
				IPHONEOS_DEPLOYMENT_TARGET = 14.5;
				MTL_ENABLE_DEBUG_INFO = INCLUDE_SOURCE;
				MTL_FAST_MATH = YES;
				ONLY_ACTIVE_ARCH = YES;
				SDKROOT = iphoneos;
				SWIFT_ACTIVE_COMPILATION_CONDITIONS = DEBUG;
				SWIFT_OPTIMIZATION_LEVEL = "-Onone";
			};
			name = Debug;
		};
		63F9DAE92655D63A0094EF0D /* Release */ = {
			isa = XCBuildConfiguration;
			buildSettings = {
				ALWAYS_SEARCH_USER_PATHS = NO;
				CLANG_ANALYZER_NONNULL = YES;
				CLANG_ANALYZER_NUMBER_OBJECT_CONVERSION = YES_AGGRESSIVE;
				CLANG_CXX_LANGUAGE_STANDARD = "gnu++14";
				CLANG_CXX_LIBRARY = "libc++";
				CLANG_ENABLE_MODULES = YES;
				CLANG_ENABLE_OBJC_ARC = YES;
				CLANG_ENABLE_OBJC_WEAK = YES;
				CLANG_WARN_BLOCK_CAPTURE_AUTORELEASING = YES;
				CLANG_WARN_BOOL_CONVERSION = YES;
				CLANG_WARN_COMMA = YES;
				CLANG_WARN_CONSTANT_CONVERSION = YES;
				CLANG_WARN_DEPRECATED_OBJC_IMPLEMENTATIONS = YES;
				CLANG_WARN_DIRECT_OBJC_ISA_USAGE = YES_ERROR;
				CLANG_WARN_DOCUMENTATION_COMMENTS = YES;
				CLANG_WARN_EMPTY_BODY = YES;
				CLANG_WARN_ENUM_CONVERSION = YES;
				CLANG_WARN_INFINITE_RECURSION = YES;
				CLANG_WARN_INT_CONVERSION = YES;
				CLANG_WARN_NON_LITERAL_NULL_CONVERSION = YES;
				CLANG_WARN_OBJC_IMPLICIT_RETAIN_SELF = YES;
				CLANG_WARN_OBJC_LITERAL_CONVERSION = YES;
				CLANG_WARN_OBJC_ROOT_CLASS = YES_ERROR;
				CLANG_WARN_QUOTED_INCLUDE_IN_FRAMEWORK_HEADER = YES;
				CLANG_WARN_RANGE_LOOP_ANALYSIS = YES;
				CLANG_WARN_STRICT_PROTOTYPES = YES;
				CLANG_WARN_SUSPICIOUS_MOVE = YES;
				CLANG_WARN_UNGUARDED_AVAILABILITY = YES_AGGRESSIVE;
				CLANG_WARN_UNREACHABLE_CODE = YES;
				CLANG_WARN__DUPLICATE_METHOD_MATCH = YES;
				COPY_PHASE_STRIP = NO;
				DEBUG_INFORMATION_FORMAT = "dwarf-with-dsym";
				ENABLE_NS_ASSERTIONS = NO;
				ENABLE_STRICT_OBJC_MSGSEND = YES;
				GCC_C_LANGUAGE_STANDARD = gnu11;
				GCC_NO_COMMON_BLOCKS = YES;
				GCC_WARN_64_TO_32_BIT_CONVERSION = YES;
				GCC_WARN_ABOUT_RETURN_TYPE = YES_ERROR;
				GCC_WARN_UNDECLARED_SELECTOR = YES;
				GCC_WARN_UNINITIALIZED_AUTOS = YES_AGGRESSIVE;
				GCC_WARN_UNUSED_FUNCTION = YES;
				GCC_WARN_UNUSED_VARIABLE = YES;
				IPHONEOS_DEPLOYMENT_TARGET = 14.5;
				MTL_ENABLE_DEBUG_INFO = NO;
				MTL_FAST_MATH = YES;
				SDKROOT = iphoneos;
				SWIFT_COMPILATION_MODE = wholemodule;
				SWIFT_OPTIMIZATION_LEVEL = "-O";
				VALIDATE_PRODUCT = YES;
			};
			name = Release;
		};
		63F9DAEB2655D63A0094EF0D /* Debug */ = {
			isa = XCBuildConfiguration;
			buildSettings = {
				ASSETCATALOG_COMPILER_APPICON_NAME = AppIcon;
				ASSETCATALOG_COMPILER_GLOBAL_ACCENT_COLOR_NAME = AccentColor;
				CODE_SIGN_STYLE = Automatic;
				DEVELOPMENT_TEAM = 4AM5US9G8B;
				INFOPLIST_FILE = HueBoo/Info.plist;
				LD_RUNPATH_SEARCH_PATHS = (
					"$(inherited)",
					"@executable_path/Frameworks",
				);
				PRODUCT_BUNDLE_IDENTIFIER = com.IamGoodBad.HueBoo;
				PRODUCT_NAME = "$(TARGET_NAME)";
				SWIFT_VERSION = 5.0;
				TARGETED_DEVICE_FAMILY = "1,2";
			};
			name = Debug;
		};
		63F9DAEC2655D63A0094EF0D /* Release */ = {
			isa = XCBuildConfiguration;
			buildSettings = {
				ASSETCATALOG_COMPILER_APPICON_NAME = AppIcon;
				ASSETCATALOG_COMPILER_GLOBAL_ACCENT_COLOR_NAME = AccentColor;
				CODE_SIGN_STYLE = Automatic;
				DEVELOPMENT_TEAM = 4AM5US9G8B;
				INFOPLIST_FILE = HueBoo/Info.plist;
				LD_RUNPATH_SEARCH_PATHS = (
					"$(inherited)",
					"@executable_path/Frameworks",
				);
				PRODUCT_BUNDLE_IDENTIFIER = com.IamGoodBad.HueBoo;
				PRODUCT_NAME = "$(TARGET_NAME)";
				SWIFT_VERSION = 5.0;
				TARGETED_DEVICE_FAMILY = "1,2";
			};
			name = Release;
		};
		63F9DAEE2655D63A0094EF0D /* Debug */ = {
			isa = XCBuildConfiguration;
			buildSettings = {
				ALWAYS_EMBED_SWIFT_STANDARD_LIBRARIES = YES;
				BUNDLE_LOADER = "$(TEST_HOST)";
				CODE_SIGN_STYLE = Automatic;
				DEVELOPMENT_TEAM = 4AM5US9G8B;
				INFOPLIST_FILE = HueBooTests/Info.plist;
				IPHONEOS_DEPLOYMENT_TARGET = 14.5;
				LD_RUNPATH_SEARCH_PATHS = (
					"$(inherited)",
					"@executable_path/Frameworks",
					"@loader_path/Frameworks",
				);
				PRODUCT_BUNDLE_IDENTIFIER = com.IamGoodBad.HueBooTests;
				PRODUCT_NAME = "$(TARGET_NAME)";
				SWIFT_VERSION = 5.0;
				TARGETED_DEVICE_FAMILY = "1,2";
				TEST_HOST = "$(BUILT_PRODUCTS_DIR)/HueBoo.app/HueBoo";
			};
			name = Debug;
		};
		63F9DAEF2655D63A0094EF0D /* Release */ = {
			isa = XCBuildConfiguration;
			buildSettings = {
				ALWAYS_EMBED_SWIFT_STANDARD_LIBRARIES = YES;
				BUNDLE_LOADER = "$(TEST_HOST)";
				CODE_SIGN_STYLE = Automatic;
				DEVELOPMENT_TEAM = 4AM5US9G8B;
				INFOPLIST_FILE = HueBooTests/Info.plist;
				IPHONEOS_DEPLOYMENT_TARGET = 14.5;
				LD_RUNPATH_SEARCH_PATHS = (
					"$(inherited)",
					"@executable_path/Frameworks",
					"@loader_path/Frameworks",
				);
				PRODUCT_BUNDLE_IDENTIFIER = com.IamGoodBad.HueBooTests;
				PRODUCT_NAME = "$(TARGET_NAME)";
				SWIFT_VERSION = 5.0;
				TARGETED_DEVICE_FAMILY = "1,2";
				TEST_HOST = "$(BUILT_PRODUCTS_DIR)/HueBoo.app/HueBoo";
			};
			name = Release;
		};
		63F9DAF12655D63A0094EF0D /* Debug */ = {
			isa = XCBuildConfiguration;
			buildSettings = {
				ALWAYS_EMBED_SWIFT_STANDARD_LIBRARIES = YES;
				CODE_SIGN_STYLE = Automatic;
				DEVELOPMENT_TEAM = 4AM5US9G8B;
				INFOPLIST_FILE = HueBooUITests/Info.plist;
				LD_RUNPATH_SEARCH_PATHS = (
					"$(inherited)",
					"@executable_path/Frameworks",
					"@loader_path/Frameworks",
				);
				PRODUCT_BUNDLE_IDENTIFIER = com.IamGoodBad.HueBooUITests;
				PRODUCT_NAME = "$(TARGET_NAME)";
				SWIFT_VERSION = 5.0;
				TARGETED_DEVICE_FAMILY = "1,2";
				TEST_TARGET_NAME = HueBoo;
			};
			name = Debug;
		};
		63F9DAF22655D63A0094EF0D /* Release */ = {
			isa = XCBuildConfiguration;
			buildSettings = {
				ALWAYS_EMBED_SWIFT_STANDARD_LIBRARIES = YES;
				CODE_SIGN_STYLE = Automatic;
				DEVELOPMENT_TEAM = 4AM5US9G8B;
				INFOPLIST_FILE = HueBooUITests/Info.plist;
				LD_RUNPATH_SEARCH_PATHS = (
					"$(inherited)",
					"@executable_path/Frameworks",
					"@loader_path/Frameworks",
				);
				PRODUCT_BUNDLE_IDENTIFIER = com.IamGoodBad.HueBooUITests;
				PRODUCT_NAME = "$(TARGET_NAME)";
				SWIFT_VERSION = 5.0;
				TARGETED_DEVICE_FAMILY = "1,2";
				TEST_TARGET_NAME = HueBoo;
			};
			name = Release;
		};
/* End XCBuildConfiguration section */

/* Begin XCConfigurationList section */
		63F9DABB2655D6390094EF0D /* Build configuration list for PBXProject "HueBoo" */ = {
			isa = XCConfigurationList;
			buildConfigurations = (
				63F9DAE82655D63A0094EF0D /* Debug */,
				63F9DAE92655D63A0094EF0D /* Release */,
			);
			defaultConfigurationIsVisible = 0;
			defaultConfigurationName = Release;
		};
		63F9DAEA2655D63A0094EF0D /* Build configuration list for PBXNativeTarget "HueBoo" */ = {
			isa = XCConfigurationList;
			buildConfigurations = (
				63F9DAEB2655D63A0094EF0D /* Debug */,
				63F9DAEC2655D63A0094EF0D /* Release */,
			);
			defaultConfigurationIsVisible = 0;
			defaultConfigurationName = Release;
		};
		63F9DAED2655D63A0094EF0D /* Build configuration list for PBXNativeTarget "HueBooTests" */ = {
			isa = XCConfigurationList;
			buildConfigurations = (
				63F9DAEE2655D63A0094EF0D /* Debug */,
				63F9DAEF2655D63A0094EF0D /* Release */,
			);
			defaultConfigurationIsVisible = 0;
			defaultConfigurationName = Release;
		};
		63F9DAF02655D63A0094EF0D /* Build configuration list for PBXNativeTarget "HueBooUITests" */ = {
			isa = XCConfigurationList;
			buildConfigurations = (
				63F9DAF12655D63A0094EF0D /* Debug */,
				63F9DAF22655D63A0094EF0D /* Release */,
			);
			defaultConfigurationIsVisible = 0;
			defaultConfigurationName = Release;
		};
/* End XCConfigurationList section */

/* Begin XCRemoteSwiftPackageReference section */
		63F9DAF32655D7B30094EF0D /* XCRemoteSwiftPackageReference "napkin" */ = {
			isa = XCRemoteSwiftPackageReference;
			repositoryURL = "https://github.com/WikipediaBrown/napkin.git";
			requirement = {
				branch = main;
				kind = branch;
			};
		};
/* End XCRemoteSwiftPackageReference section */

/* Begin XCSwiftPackageProductDependency section */
		63F9DAF42655D7B30094EF0D /* napkin */ = {
			isa = XCSwiftPackageProductDependency;
			package = 63F9DAF32655D7B30094EF0D /* XCRemoteSwiftPackageReference "napkin" */;
			productName = napkin;
		};
/* End XCSwiftPackageProductDependency section */
	};
	rootObject = 63F9DAB82655D6390094EF0D /* Project object */;
}
